
Microsoft Visual Studio Solution File, Format Version 12.00
# Visual Studio Version 17
VisualStudioVersion = 17.0.31903.59
MinimumVisualStudioVersion = 10.0.40219.1
Project("{FAE04EC0-301F-11D3-BF4B-00C04F79EFBC}") = "SEMANA1", "SEMANA1\SEMANA1.csproj", "{75B3D7AE-BD41-4D7F-BC55-EAB5FCAB977F}"
EndProject
Project("{FAE04EC0-301F-11D3-BF4B-00C04F79EFBC}") = "SEMANA2", "SEMANA2\SEMANA2.csproj", "{259E7C4E-FBD2-4A3F-B296-5CCD69BFB186}"
EndProject
Project("{FAE04EC0-301F-11D3-BF4B-00C04F79EFBC}") = "SEMANA3", "SEMANA3\SEMANA3.csproj", "{F04E5CA7-A8AA-4947-B954-992AC61C8721}"
EndProject
Project("{FAE04EC0-301F-11D3-BF4B-00C04F79EFBC}") = "SEMANA4", "SEMANA4\SEMANA4.csproj", "{1C433521-1600-402B-86CF-0B0757391877}"
EndProject
Project("{FAE04EC0-301F-11D3-BF4B-00C04F79EFBC}") = "SEMANA5", "SEMANA5\SEMANA5.csproj", "{0EFC2B2F-D049-4979-B8D1-09F78060DFD5}"
EndProject
Project("{FAE04EC0-301F-11D3-BF4B-00C04F79EFBC}") = "SEMANA6", "SEMANA6\SEMANA6.csproj", "{B72BD882-B037-4761-B1F5-B371FF66AD8E}"
EndProject
Project("{FAE04EC0-301F-11D3-BF4B-00C04F79EFBC}") = "SEMANA6_EJERCICIO_2", "SEMANA6_EJERCICIO_2\SEMANA6_EJERCICIO_2.csproj", "{E9AFA28F-536F-489E-97D7-D0A2A0D2A348}"
EndProject
Project("{FAE04EC0-301F-11D3-BF4B-00C04F79EFBC}") = "SEMANA6_EJERCICIO_1", "SEMANA6_EJERCICIO_1\SEMANA6_EJERCICIO_1.csproj", "{93FAC045-F312-422E-B10E-6583209E5155}"
EndProject
Global
	GlobalSection(SolutionConfigurationPlatforms) = preSolution
		Debug|Any CPU = Debug|Any CPU
		Release|Any CPU = Release|Any CPU
	EndGlobalSection
	GlobalSection(SolutionProperties) = preSolution
		HideSolutionNode = FALSE
	EndGlobalSection
	GlobalSection(ProjectConfigurationPlatforms) = postSolution
		{75B3D7AE-BD41-4D7F-BC55-EAB5FCAB977F}.Debug|Any CPU.ActiveCfg = Debug|Any CPU
		{75B3D7AE-BD41-4D7F-BC55-EAB5FCAB977F}.Debug|Any CPU.Build.0 = Debug|Any CPU
		{75B3D7AE-BD41-4D7F-BC55-EAB5FCAB977F}.Release|Any CPU.ActiveCfg = Release|Any CPU
		{75B3D7AE-BD41-4D7F-BC55-EAB5FCAB977F}.Release|Any CPU.Build.0 = Release|Any CPU
		{259E7C4E-FBD2-4A3F-B296-5CCD69BFB186}.Debug|Any CPU.ActiveCfg = Debug|Any CPU
		{259E7C4E-FBD2-4A3F-B296-5CCD69BFB186}.Debug|Any CPU.Build.0 = Debug|Any CPU
		{259E7C4E-FBD2-4A3F-B296-5CCD69BFB186}.Release|Any CPU.ActiveCfg = Release|Any CPU
		{259E7C4E-FBD2-4A3F-B296-5CCD69BFB186}.Release|Any CPU.Build.0 = Release|Any CPU
		{F04E5CA7-A8AA-4947-B954-992AC61C8721}.Debug|Any CPU.ActiveCfg = Debug|Any CPU
		{F04E5CA7-A8AA-4947-B954-992AC61C8721}.Debug|Any CPU.Build.0 = Debug|Any CPU
		{F04E5CA7-A8AA-4947-B954-992AC61C8721}.Release|Any CPU.ActiveCfg = Release|Any CPU
		{F04E5CA7-A8AA-4947-B954-992AC61C8721}.Release|Any CPU.Build.0 = Release|Any CPU
		{1C433521-1600-402B-86CF-0B0757391877}.Debug|Any CPU.ActiveCfg = Debug|Any CPU
		{1C433521-1600-402B-86CF-0B0757391877}.Debug|Any CPU.Build.0 = Debug|Any CPU
		{1C433521-1600-402B-86CF-0B0757391877}.Release|Any CPU.ActiveCfg = Release|Any CPU
		{1C433521-1600-402B-86CF-0B0757391877}.Release|Any CPU.Build.0 = Release|Any CPU
		{0EFC2B2F-D049-4979-B8D1-09F78060DFD5}.Debug|Any CPU.ActiveCfg = Debug|Any CPU
		{0EFC2B2F-D049-4979-B8D1-09F78060DFD5}.Debug|Any CPU.Build.0 = Debug|Any CPU
		{0EFC2B2F-D049-4979-B8D1-09F78060DFD5}.Release|Any CPU.ActiveCfg = Release|Any CPU
		{0EFC2B2F-D049-4979-B8D1-09F78060DFD5}.Release|Any CPU.Build.0 = Release|Any CPU
		{B72BD882-B037-4761-B1F5-B371FF66AD8E}.Debug|Any CPU.ActiveCfg = Debug|Any CPU
		{B72BD882-B037-4761-B1F5-B371FF66AD8E}.Debug|Any CPU.Build.0 = Debug|Any CPU
		{B72BD882-B037-4761-B1F5-B371FF66AD8E}.Release|Any CPU.ActiveCfg = Release|Any CPU
		{B72BD882-B037-4761-B1F5-B371FF66AD8E}.Release|Any CPU.Build.0 = Release|Any CPU
		{E9AFA28F-536F-489E-97D7-D0A2A0D2A348}.Debug|Any CPU.ActiveCfg = Debug|Any CPU
		{E9AFA28F-536F-489E-97D7-D0A2A0D2A348}.Debug|Any CPU.Build.0 = Debug|Any CPU
		{E9AFA28F-536F-489E-97D7-D0A2A0D2A348}.Release|Any CPU.ActiveCfg = Release|Any CPU
		{E9AFA28F-536F-489E-97D7-D0A2A0D2A348}.Release|Any CPU.Build.0 = Release|Any CPU
		{93FAC045-F312-422E-B10E-6583209E5155}.Debug|Any CPU.ActiveCfg = Debug|Any CPU
		{93FAC045-F312-422E-B10E-6583209E5155}.Debug|Any CPU.Build.0 = Debug|Any CPU
		{93FAC045-F312-422E-B10E-6583209E5155}.Release|Any CPU.ActiveCfg = Release|Any CPU
		{93FAC045-F312-422E-B10E-6583209E5155}.Release|Any CPU.Build.0 = Release|Any CPU
	EndGlobalSection
EndGlobal
